{
  "version": 4,
  "terraform_version": "1.0.8",
  "serial": 101,
  "lineage": "06428adf-dbf3-264c-b2a1-abd5b3b7231c",
  "outputs": {},
  "resources": [
    {
      "mode": "managed",
      "type": "digitalocean_certificate",
      "name": "cert",
      "provider": "provider[\"registry.terraform.io/digitalocean/digitalocean\"]",
      "instances": [
        {
          "schema_version": 1,
          "attributes": {
            "certificate_chain": null,
            "domains": [
              "jenkins.josechavarria.xyz"
            ],
            "id": "cert",
            "leaf_certificate": null,
            "name": "cert",
            "not_after": "2022-01-11T05:40:45Z",
            "private_key": null,
            "sha1_fingerprint": "8387e0acfeca975c325c1c921dfbfa76924ad1ce",
            "state": "verified",
            "type": "lets_encrypt",
            "uuid": "d3122ce2-85dd-43f2-8c58-021a64b442ce"
          },
          "sensitive_attributes": [],
          "private": "eyJzY2hlbWFfdmVyc2lvbiI6IjEifQ==",
          "create_before_destroy": true
        }
      ]
    },
    {
      "mode": "managed",
      "type": "digitalocean_domain",
      "name": "jenkins",
      "provider": "provider[\"registry.terraform.io/digitalocean/digitalocean\"]",
      "instances": [
        {
          "schema_version": 0,
          "attributes": {
            "id": "jenkins.josechavarria.xyz",
            "ip_address": "143.244.214.200",
            "name": "jenkins.josechavarria.xyz",
            "ttl": 1800,
            "urn": "do:domain:jenkins.josechavarria.xyz"
          },
          "sensitive_attributes": [],
          "private": "bnVsbA==",
          "dependencies": [
            "digitalocean_certificate.cert",
            "digitalocean_droplet.jenkins",
            "digitalocean_loadbalancer.jenkins"
          ]
        }
      ]
    },
    {
      "mode": "managed",
      "type": "digitalocean_domain",
      "name": "josechavarria",
      "provider": "provider[\"registry.terraform.io/digitalocean/digitalocean\"]",
      "instances": [
        {
          "schema_version": 0,
          "attributes": {
            "id": "josechavarria.xyz",
            "ip_address": null,
            "name": "josechavarria.xyz",
            "ttl": 1800,
            "urn": "do:domain:josechavarria.xyz"
          },
          "sensitive_attributes": [],
          "private": "bnVsbA=="
        }
      ]
    },
    {
      "mode": "managed",
      "type": "digitalocean_droplet",
      "name": "dev",
      "provider": "provider[\"registry.terraform.io/digitalocean/digitalocean\"]",
      "instances": [
        {
          "schema_version": 1,
          "attributes": {
            "backups": false,
            "created_at": "2021-10-13T07:04:28Z",
            "disk": 60,
            "droplet_agent": null,
            "graceful_shutdown": false,
            "id": "269045386",
            "image": "ubuntu-18-04-x64",
            "ipv4_address": "143.198.123.61",
            "ipv4_address_private": "10.116.0.3",
            "ipv6": false,
            "ipv6_address": "",
            "locked": false,
            "memory": 2048,
            "monitoring": false,
            "name": "dev",
            "price_hourly": 0.02679,
            "price_monthly": 18,
            "private_networking": true,
            "region": "nyc1",
            "resize_disk": true,
            "size": "s-2vcpu-2gb-intel",
            "ssh_keys": [
              "9c:14:61:f4:fe:fd:e0:d5:0f:1e:1a:48:d3:d6:f4:6c"
            ],
            "status": "active",
            "tags": [],
            "urn": "do:droplet:269045386",
            "user_data": "19ff672b9a3722471ad35bb3d5a10edd329e6085",
            "vcpus": 2,
            "volume_ids": [],
            "vpc_uuid": "0cecc4fc-54a8-414e-a9a0-f1b4b1a5e0fe"
          },
          "sensitive_attributes": [],
          "private": "eyJzY2hlbWFfdmVyc2lvbiI6IjEifQ==",
          "dependencies": [
            "digitalocean_ssh_key.macos_jose"
          ]
        }
      ]
    },
    {
      "mode": "managed",
      "type": "digitalocean_droplet",
      "name": "jenkins",
      "provider": "provider[\"registry.terraform.io/digitalocean/digitalocean\"]",
      "instances": [
        {
          "schema_version": 1,
          "attributes": {
            "backups": false,
            "created_at": "2021-10-13T06:39:52Z",
            "disk": 60,
            "droplet_agent": null,
            "graceful_shutdown": false,
            "id": "269042979",
            "image": "ubuntu-18-04-x64",
            "ipv4_address": "157.230.237.186",
            "ipv4_address_private": "10.116.0.2",
            "ipv6": false,
            "ipv6_address": "",
            "locked": false,
            "memory": 2048,
            "monitoring": false,
            "name": "jenkins",
            "price_hourly": 0.02679,
            "price_monthly": 18,
            "private_networking": true,
            "region": "nyc1",
            "resize_disk": true,
            "size": "s-2vcpu-2gb-intel",
            "ssh_keys": [
              "9c:14:61:f4:fe:fd:e0:d5:0f:1e:1a:48:d3:d6:f4:6c"
            ],
            "status": "active",
            "tags": [],
            "urn": "do:droplet:269042979",
            "user_data": "9bf060c9325f5828163f0e613f7badb5a89f3e17",
            "vcpus": 2,
            "volume_ids": [],
            "vpc_uuid": "0cecc4fc-54a8-414e-a9a0-f1b4b1a5e0fe"
          },
          "sensitive_attributes": [],
          "private": "eyJzY2hlbWFfdmVyc2lvbiI6IjEifQ==",
          "dependencies": [
            "digitalocean_ssh_key.macos_jose"
          ]
        }
      ]
    },
    {
      "mode": "managed",
      "type": "digitalocean_loadbalancer",
      "name": "jenkins",
      "provider": "provider[\"registry.terraform.io/digitalocean/digitalocean\"]",
      "instances": []
    },
    {
      "mode": "managed",
      "type": "digitalocean_record",
      "name": "www",
      "provider": "provider[\"registry.terraform.io/digitalocean/digitalocean\"]",
      "instances": []
    },
    {
      "mode": "managed",
      "type": "digitalocean_ssh_key",
      "name": "macos_jose",
      "provider": "provider[\"registry.terraform.io/digitalocean/digitalocean\"]",
      "instances": [
        {
          "schema_version": 0,
          "attributes": {
            "fingerprint": "9c:14:61:f4:fe:fd:e0:d5:0f:1e:1a:48:d3:d6:f4:6c",
            "id": "31776464",
            "name": "macos_jose",
            "public_key": "ssh-rsa AAAAB3NzaC1yc2EAAAADAQABAAABgQDRfRza/9CHjpuk0jqX2bkHMN/mf6qyIcwCt2tv5+d+O6b6HZCX8pg4MDvK9pZlXoi+h5h1oBKY8o+WWrJ7v78Bb5For6syfkDoFEaLHO+Quo3k+AcxeN/sqUcgdkzVwGIY/oMrgdtbzSMF4hnrbxgaf3RiQp2q3RlusuzzZI98yTdjR63vZGWqFDRgIW8fl8nGWOvNNQjFetAxZal3ZUkMnRvivhcENSWBH8gyXoUzrYaGZS1Ahrjfct1ZY1T6z/ng65+iWQvixbIdCvMCunmJd91t4tNnZ15diZ9ABq8WykwvXiAUD67ecUUxU/kd5yKfE+zXBK+udAm+BJ3LdE4n4wP1OSvMOqpy5DdItoSsFT1VNyV4EAzSKRETBDvPpqkIhbKNP6yoGvy6eJ8lC35tD6PA/oCA12SdjOL5b/EXbg6rhtVajMYROYlPhAkvIpkvArLCJghcJIwGGjnl1/9IGI7H9NayLbdCldLxukioQD79Tp4KXcDuVP6rRARO0JM= jose@Joses-MacBook-Air.local\n"
          },
          "sensitive_attributes": [],
          "private": "bnVsbA=="
        }
      ]
    }
  ]
}
