{
  "version": 4,
  "terraform_version": "1.0.8",
  "serial": 156,
  "lineage": "06428adf-dbf3-264c-b2a1-abd5b3b7231c",
  "outputs": {
    "digitalocean_loadbalancer_ip": {
      "value": "143.244.202.216",
      "type": "string"
    }
  },
  "resources": [
    {
      "mode": "managed",
      "type": "digitalocean_certificate",
      "name": "cert",
      "provider": "provider[\"registry.terraform.io/digitalocean/digitalocean\"]",
      "instances": [
        {
          "schema_version": 1,
          "attributes": {
            "certificate_chain": null,
            "domains": [
              "dev.josechavarria.xyz",
              "jenkins.josechavarria.xyz"
            ],
            "id": "cert",
            "leaf_certificate": null,
            "name": "cert",
            "not_after": "2022-01-11T07:40:28Z",
            "private_key": null,
            "sha1_fingerprint": "e8d1a2c5bcf4d9d3f65ee6dd6c580f4bc81a366f",
            "state": "verified",
            "type": "lets_encrypt",
            "uuid": "06020c96-3a07-4a43-afc7-a98746f69255"
          },
          "sensitive_attributes": [],
          "private": "eyJzY2hlbWFfdmVyc2lvbiI6IjEifQ=="
        }
      ]
    },
    {
      "mode": "managed",
      "type": "digitalocean_domain",
      "name": "jenkins",
      "provider": "provider[\"registry.terraform.io/digitalocean/digitalocean\"]",
      "instances": [
        {
          "schema_version": 0,
          "attributes": {
            "id": "jenkins.josechavarria.xyz",
            "ip_address": "143.244.202.216",
            "name": "jenkins.josechavarria.xyz",
            "ttl": 1800,
            "urn": "do:domain:jenkins.josechavarria.xyz"
          },
          "sensitive_attributes": [],
          "private": "bnVsbA==",
          "dependencies": [
            "digitalocean_certificate.cert",
            "digitalocean_droplet.jenkins",
            "digitalocean_loadbalancer.jenkins"
          ]
        }
      ]
    },
    {
      "mode": "managed",
      "type": "digitalocean_domain",
      "name": "josechavarria",
      "provider": "provider[\"registry.terraform.io/digitalocean/digitalocean\"]",
      "instances": [
        {
          "schema_version": 0,
          "attributes": {
            "id": "josechavarria.xyz",
            "ip_address": null,
            "name": "josechavarria.xyz",
            "ttl": 1800,
            "urn": "do:domain:josechavarria.xyz"
          },
          "sensitive_attributes": [],
          "private": "bnVsbA=="
        }
      ]
    },
    {
      "mode": "managed",
      "type": "digitalocean_droplet",
      "name": "jenkins",
      "provider": "provider[\"registry.terraform.io/digitalocean/digitalocean\"]",
      "instances": [
        {
          "schema_version": 1,
          "attributes": {
            "backups": false,
            "created_at": "2021-10-13T08:39:25Z",
            "disk": 160,
            "droplet_agent": null,
            "graceful_shutdown": false,
            "id": "269056426",
            "image": "ubuntu-18-04-x64",
            "ipv4_address": "143.244.145.253",
            "ipv4_address_private": "10.116.0.2",
            "ipv6": false,
            "ipv6_address": "",
            "locked": false,
            "memory": 8192,
            "monitoring": false,
            "name": "jenkins",
            "price_hourly": 0.05952,
            "price_monthly": 40,
            "private_networking": true,
            "region": "nyc1",
            "resize_disk": true,
            "size": "s-4vcpu-8gb",
            "ssh_keys": [
              "9c:14:61:f4:fe:fd:e0:d5:0f:1e:1a:48:d3:d6:f4:6c"
            ],
            "status": "active",
            "tags": [],
            "urn": "do:droplet:269056426",
            "user_data": "9bf060c9325f5828163f0e613f7badb5a89f3e17",
            "vcpus": 4,
            "volume_ids": [],
            "vpc_uuid": "0cecc4fc-54a8-414e-a9a0-f1b4b1a5e0fe"
          },
          "sensitive_attributes": [],
          "private": "eyJzY2hlbWFfdmVyc2lvbiI6IjEifQ==",
          "dependencies": [
            "digitalocean_ssh_key.macos_jose"
          ]
        }
      ]
    },
    {
      "mode": "managed",
      "type": "digitalocean_loadbalancer",
      "name": "jenkins",
      "provider": "provider[\"registry.terraform.io/digitalocean/digitalocean\"]",
      "instances": [
        {
          "schema_version": 1,
          "attributes": {
            "algorithm": "round_robin",
            "droplet_ids": [
              269056426
            ],
            "droplet_tag": "",
            "enable_backend_keepalive": false,
            "enable_proxy_protocol": false,
            "forwarding_rule": [
              {
                "certificate_id": "cert",
                "certificate_name": "cert",
                "entry_port": 443,
                "entry_protocol": "https",
                "target_port": 80,
                "target_protocol": "http",
                "tls_passthrough": false
              }
            ],
            "healthcheck": [
              {
                "check_interval_seconds": 10,
                "healthy_threshold": 5,
                "path": "",
                "port": 22,
                "protocol": "tcp",
                "response_timeout_seconds": 5,
                "unhealthy_threshold": 3
              }
            ],
            "id": "4c1253cd-3cac-4194-bddd-a6382285e4f9",
            "ip": "143.244.202.216",
            "name": "jenkins",
            "redirect_http_to_https": false,
            "region": "nyc1",
            "size": "lb-small",
            "status": "active",
            "sticky_sessions": [
              {
                "cookie_name": "",
                "cookie_ttl_seconds": 0,
                "type": "none"
              }
            ],
            "urn": "do:loadbalancer:4c1253cd-3cac-4194-bddd-a6382285e4f9",
            "vpc_uuid": "0cecc4fc-54a8-414e-a9a0-f1b4b1a5e0fe"
          },
          "sensitive_attributes": [],
          "private": "eyJzY2hlbWFfdmVyc2lvbiI6IjEifQ==",
          "dependencies": [
            "digitalocean_certificate.cert",
            "digitalocean_droplet.jenkins",
            "digitalocean_ssh_key.macos_jose"
          ]
        }
      ]
    },
    {
      "mode": "managed",
      "type": "digitalocean_record",
      "name": "jenkins",
      "provider": "provider[\"registry.terraform.io/digitalocean/digitalocean\"]",
      "instances": [
        {
          "schema_version": 0,
          "attributes": {
            "domain": "josechavarria.xyz",
            "flags": 0,
            "fqdn": "jenkins.josechavarria.xyz",
            "id": "270911966",
            "name": "jenkins",
            "port": 0,
            "priority": 0,
            "tag": "",
            "ttl": 30,
            "type": "A",
            "value": "143.244.202.216",
            "weight": 0
          },
          "sensitive_attributes": [],
          "private": "bnVsbA==",
          "dependencies": [
            "digitalocean_domain.josechavarria",
            "digitalocean_loadbalancer.jenkins"
          ]
        }
      ]
    },
    {
      "mode": "managed",
      "type": "digitalocean_ssh_key",
      "name": "macos_jose",
      "provider": "provider[\"registry.terraform.io/digitalocean/digitalocean\"]",
      "instances": [
        {
          "schema_version": 0,
          "attributes": {
            "fingerprint": "9c:14:61:f4:fe:fd:e0:d5:0f:1e:1a:48:d3:d6:f4:6c",
            "id": "31779486",
            "name": "macos_jose",
            "public_key": "ssh-rsa AAAAB3NzaC1yc2EAAAADAQABAAABgQDRfRza/9CHjpuk0jqX2bkHMN/mf6qyIcwCt2tv5+d+O6b6HZCX8pg4MDvK9pZlXoi+h5h1oBKY8o+WWrJ7v78Bb5For6syfkDoFEaLHO+Quo3k+AcxeN/sqUcgdkzVwGIY/oMrgdtbzSMF4hnrbxgaf3RiQp2q3RlusuzzZI98yTdjR63vZGWqFDRgIW8fl8nGWOvNNQjFetAxZal3ZUkMnRvivhcENSWBH8gyXoUzrYaGZS1Ahrjfct1ZY1T6z/ng65+iWQvixbIdCvMCunmJd91t4tNnZ15diZ9ABq8WykwvXiAUD67ecUUxU/kd5yKfE+zXBK+udAm+BJ3LdE4n4wP1OSvMOqpy5DdItoSsFT1VNyV4EAzSKRETBDvPpqkIhbKNP6yoGvy6eJ8lC35tD6PA/oCA12SdjOL5b/EXbg6rhtVajMYROYlPhAkvIpkvArLCJghcJIwGGjnl1/9IGI7H9NayLbdCldLxukioQD79Tp4KXcDuVP6rRARO0JM= jose@Joses-MacBook-Air.local\n"
          },
          "sensitive_attributes": [],
          "private": "bnVsbA=="
        }
      ]
    }
  ]
}
